
Microsoft Visual Studio Solution File, Format Version 12.00
# Visual Studio Version 17
VisualStudioVersion = 17.1.32328.378
MinimumVisualStudioVersion = 10.0.40219.1
Project("{FAE04EC0-301F-11D3-BF4B-00C04F79EFBC}") = "RazorApp1", "RazorApp1\RazorApp1.csproj", "{97EDD190-9169-43AD-999F-77CB25FA0497}"
EndProject
Global
	GlobalSection(SolutionConfigurationPlatforms) = preSolution
		Debug|Any CPU = Debug|Any CPU
		Release|Any CPU = Release|Any CPU
	EndGlobalSection
	GlobalSection(ProjectConfigurationPlatforms) = postSolution
		{97EDD190-9169-43AD-999F-77CB25FA0497}.Debug|Any CPU.ActiveCfg = Debug|Any CPU
		{97EDD190-9169-43AD-999F-77CB25FA0497}.Debug|Any CPU.Build.0 = Debug|Any CPU
		{97EDD190-9169-43AD-999F-77CB25FA0497}.Release|Any CPU.ActiveCfg = Release|Any CPU
		{97EDD190-9169-43AD-999F-77CB25FA0497}.Release|Any CPU.Build.0 = Release|Any CPU
	EndGlobalSection
	GlobalSection(SolutionProperties) = preSolution
		HideSolutionNode = FALSE
	EndGlobalSection
	GlobalSection(ExtensibilityGlobals) = postSolution
		SolutionGuid = {43DFA833-0C03-4A2D-899C-CDBA30D63751}
	EndGlobalSection
EndGlobal
